// !$*UTF8*$!
{
	archiveVersion = 1;
	classes = {
	};
	objectVersion = 46;
	objects = {

/* Begin PBXBuildFile section */
		1A13DA0817EFC49100ECAAD6 /* ExperienceCell.m in Sources */ = {isa = PBXBuildFile; fileRef = 1A13DA0717EFC49100ECAAD6 /* ExperienceCell.m */; };
		1A13DA0D17F09A3F00ECAAD6 /* IndexExperienceCell.m in Sources */ = {isa = PBXBuildFile; fileRef = 1A13DA0C17F09A3F00ECAAD6 /* IndexExperienceCell.m */; };
		1ACE118C17EB526600DE9F0F /* Foundation.framework in Frameworks */ = {isa = PBXBuildFile; fileRef = 1ACE118B17EB526600DE9F0F /* Foundation.framework */; };
		1ACE118E17EB526600DE9F0F /* CoreGraphics.framework in Frameworks */ = {isa = PBXBuildFile; fileRef = 1ACE118D17EB526600DE9F0F /* CoreGraphics.framework */; };
		1ACE119017EB526600DE9F0F /* UIKit.framework in Frameworks */ = {isa = PBXBuildFile; fileRef = 1ACE118F17EB526600DE9F0F /* UIKit.framework */; };
		1ACE119617EB526600DE9F0F /* InfoPlist.strings in Resources */ = {isa = PBXBuildFile; fileRef = 1ACE119417EB526600DE9F0F /* InfoPlist.strings */; };
		1ACE119817EB526600DE9F0F /* main.m in Sources */ = {isa = PBXBuildFile; fileRef = 1ACE119717EB526600DE9F0F /* main.m */; };
		1ACE119C17EB526600DE9F0F /* AppDelegate.m in Sources */ = {isa = PBXBuildFile; fileRef = 1ACE119B17EB526600DE9F0F /* AppDelegate.m */; };
		1ACE119F17EB526600DE9F0F /* Main.storyboard in Resources */ = {isa = PBXBuildFile; fileRef = 1ACE119D17EB526600DE9F0F /* Main.storyboard */; };
		1ACE11A417EB526600DE9F0F /* Images.xcassets in Resources */ = {isa = PBXBuildFile; fileRef = 1ACE11A317EB526600DE9F0F /* Images.xcassets */; };
		1ACE11AB17EB526600DE9F0F /* XCTest.framework in Frameworks */ = {isa = PBXBuildFile; fileRef = 1ACE11AA17EB526600DE9F0F /* XCTest.framework */; };
		1ACE11AC17EB526600DE9F0F /* Foundation.framework in Frameworks */ = {isa = PBXBuildFile; fileRef = 1ACE118B17EB526600DE9F0F /* Foundation.framework */; };
		1ACE11AD17EB526600DE9F0F /* UIKit.framework in Frameworks */ = {isa = PBXBuildFile; fileRef = 1ACE118F17EB526600DE9F0F /* UIKit.framework */; };
		1ACE11B517EB526600DE9F0F /* InfoPlist.strings in Resources */ = {isa = PBXBuildFile; fileRef = 1ACE11B317EB526600DE9F0F /* InfoPlist.strings */; };
		1ACE11B717EB526600DE9F0F /* My_CVTests.m in Sources */ = {isa = PBXBuildFile; fileRef = 1ACE11B617EB526600DE9F0F /* My_CVTests.m */; };
		1ACE11C517EB573900DE9F0F /* MainViewController.m in Sources */ = {isa = PBXBuildFile; fileRef = 1ACE11C417EB573900DE9F0F /* MainViewController.m */; };
		1ACE11C817EB579300DE9F0F /* IndexTableViewController.m in Sources */ = {isa = PBXBuildFile; fileRef = 1ACE11C717EB579300DE9F0F /* IndexTableViewController.m */; };
		1ACE11CB17EB57B800DE9F0F /* ExperienceTableViewController.m in Sources */ = {isa = PBXBuildFile; fileRef = 1ACE11CA17EB57B800DE9F0F /* ExperienceTableViewController.m */; };
		1ACE11D417EB5ADB00DE9F0F /* Claudio Torrens My CV App.jpg in Resources */ = {isa = PBXBuildFile; fileRef = 1ACE11CD17EB5ADB00DE9F0F /* Claudio Torrens My CV App.jpg */; };
		1ACE11D517EB5ADB00DE9F0F /* Claudio Torrens My CV App.png in Resources */ = {isa = PBXBuildFile; fileRef = 1ACE11CE17EB5ADB00DE9F0F /* Claudio Torrens My CV App.png */; };
		1ACE11D617EB5ADB00DE9F0F /* CT1.png in Resources */ = {isa = PBXBuildFile; fileRef = 1ACE11CF17EB5ADB00DE9F0F /* CT1.png */; };
		1ACE11D717EB5ADB00DE9F0F /* CT2.png in Resources */ = {isa = PBXBuildFile; fileRef = 1ACE11D017EB5ADB00DE9F0F /* CT2.png */; };
		1ACE11D817EB5ADB00DE9F0F /* CT3.png in Resources */ = {isa = PBXBuildFile; fileRef = 1ACE11D117EB5ADB00DE9F0F /* CT3.png */; };
		1ACE11D917EB5ADB00DE9F0F /* CT4.png in Resources */ = {isa = PBXBuildFile; fileRef = 1ACE11D217EB5ADB00DE9F0F /* CT4.png */; };
		1ACE11DA17EB5ADB00DE9F0F /* CT5.png in Resources */ = {isa = PBXBuildFile; fileRef = 1ACE11D317EB5ADB00DE9F0F /* CT5.png */; };
/* End PBXBuildFile section */

/* Begin PBXContainerItemProxy section */
		1ACE11AE17EB526600DE9F0F /* PBXContainerItemProxy */ = {
			isa = PBXContainerItemProxy;
			containerPortal = 1ACE118017EB526600DE9F0F /* Project object */;
			proxyType = 1;
			remoteGlobalIDString = 1ACE118717EB526600DE9F0F;
			remoteInfo = "My CV";
		};
/* End PBXContainerItemProxy section */

/* Begin PBXFileReference section */
		1A13DA0617EFC49100ECAAD6 /* ExperienceCell.h */ = {isa = PBXFileReference; fileEncoding = 4; lastKnownFileType = sourcecode.c.h; path = ExperienceCell.h; sourceTree = "<group>"; };
		1A13DA0717EFC49100ECAAD6 /* ExperienceCell.m */ = {isa = PBXFileReference; fileEncoding = 4; lastKnownFileType = sourcecode.c.objc; path = ExperienceCell.m; sourceTree = "<group>"; };
		1A13DA0B17F09A3F00ECAAD6 /* IndexExperienceCell.h */ = {isa = PBXFileReference; fileEncoding = 4; lastKnownFileType = sourcecode.c.h; path = IndexExperienceCell.h; sourceTree = "<group>"; };
		1A13DA0C17F09A3F00ECAAD6 /* IndexExperienceCell.m */ = {isa = PBXFileReference; fileEncoding = 4; lastKnownFileType = sourcecode.c.objc; path = IndexExperienceCell.m; sourceTree = "<group>"; };
		1ACE118817EB526600DE9F0F /* My CV.app */ = {isa = PBXFileReference; explicitFileType = wrapper.application; includeInIndex = 0; path = "My CV.app"; sourceTree = BUILT_PRODUCTS_DIR; };
		1ACE118B17EB526600DE9F0F /* Foundation.framework */ = {isa = PBXFileReference; lastKnownFileType = wrapper.framework; name = Foundation.framework; path = System/Library/Frameworks/Foundation.framework; sourceTree = SDKROOT; };
		1ACE118D17EB526600DE9F0F /* CoreGraphics.framework */ = {isa = PBXFileReference; lastKnownFileType = wrapper.framework; name = CoreGraphics.framework; path = System/Library/Frameworks/CoreGraphics.framework; sourceTree = SDKROOT; };
		1ACE118F17EB526600DE9F0F /* UIKit.framework */ = {isa = PBXFileReference; lastKnownFileType = wrapper.framework; name = UIKit.framework; path = System/Library/Frameworks/UIKit.framework; sourceTree = SDKROOT; };
		1ACE119317EB526600DE9F0F /* My CV-Info.plist */ = {isa = PBXFileReference; lastKnownFileType = text.plist.xml; path = "My CV-Info.plist"; sourceTree = "<group>"; };
		1ACE119517EB526600DE9F0F /* en */ = {isa = PBXFileReference; lastKnownFileType = text.plist.strings; name = en; path = en.lproj/InfoPlist.strings; sourceTree = "<group>"; };
		1ACE119717EB526600DE9F0F /* main.m */ = {isa = PBXFileReference; lastKnownFileType = sourcecode.c.objc; path = main.m; sourceTree = "<group>"; };
		1ACE119917EB526600DE9F0F /* My CV-Prefix.pch */ = {isa = PBXFileReference; lastKnownFileType = sourcecode.c.h; path = "My CV-Prefix.pch"; sourceTree = "<group>"; };
		1ACE119A17EB526600DE9F0F /* AppDelegate.h */ = {isa = PBXFileReference; lastKnownFileType = sourcecode.c.h; path = AppDelegate.h; sourceTree = "<group>"; };
		1ACE119B17EB526600DE9F0F /* AppDelegate.m */ = {isa = PBXFileReference; lastKnownFileType = sourcecode.c.objc; path = AppDelegate.m; sourceTree = "<group>"; };
		1ACE119E17EB526600DE9F0F /* Base */ = {isa = PBXFileReference; lastKnownFileType = file.storyboard; name = Base; path = Base.lproj/Main.storyboard; sourceTree = "<group>"; };
		1ACE11A317EB526600DE9F0F /* Images.xcassets */ = {isa = PBXFileReference; lastKnownFileType = folder.assetcatalog; path = Images.xcassets; sourceTree = "<group>"; };
		1ACE11A917EB526600DE9F0F /* My CVTests.xctest */ = {isa = PBXFileReference; explicitFileType = wrapper.cfbundle; includeInIndex = 0; path = "My CVTests.xctest"; sourceTree = BUILT_PRODUCTS_DIR; };
		1ACE11AA17EB526600DE9F0F /* XCTest.framework */ = {isa = PBXFileReference; lastKnownFileType = wrapper.framework; name = XCTest.framework; path = Library/Frameworks/XCTest.framework; sourceTree = DEVELOPER_DIR; };
		1ACE11B217EB526600DE9F0F /* My CVTests-Info.plist */ = {isa = PBXFileReference; lastKnownFileType = text.plist.xml; path = "My CVTests-Info.plist"; sourceTree = "<group>"; };
		1ACE11B417EB526600DE9F0F /* en */ = {isa = PBXFileReference; lastKnownFileType = text.plist.strings; name = en; path = en.lproj/InfoPlist.strings; sourceTree = "<group>"; };
		1ACE11B617EB526600DE9F0F /* My_CVTests.m */ = {isa = PBXFileReference; lastKnownFileType = sourcecode.c.objc; path = My_CVTests.m; sourceTree = "<group>"; };
		1ACE11C317EB573900DE9F0F /* MainViewController.h */ = {isa = PBXFileReference; fileEncoding = 4; lastKnownFileType = sourcecode.c.h; path = MainViewController.h; sourceTree = "<group>"; };
		1ACE11C417EB573900DE9F0F /* MainViewController.m */ = {isa = PBXFileReference; fileEncoding = 4; lastKnownFileType = sourcecode.c.objc; path = MainViewController.m; sourceTree = "<group>"; };
		1ACE11C617EB579300DE9F0F /* IndexTableViewController.h */ = {isa = PBXFileReference; fileEncoding = 4; lastKnownFileType = sourcecode.c.h; path = IndexTableViewController.h; sourceTree = "<group>"; };
		1ACE11C717EB579300DE9F0F /* IndexTableViewController.m */ = {isa = PBXFileReference; fileEncoding = 4; lastKnownFileType = sourcecode.c.objc; path = IndexTableViewController.m; sourceTree = "<group>"; };
		1ACE11C917EB57B800DE9F0F /* ExperienceTableViewController.h */ = {isa = PBXFileReference; fileEncoding = 4; lastKnownFileType = sourcecode.c.h; path = ExperienceTableViewController.h; sourceTree = "<group>"; };
		1ACE11CA17EB57B800DE9F0F /* ExperienceTableViewController.m */ = {isa = PBXFileReference; fileEncoding = 4; lastKnownFileType = sourcecode.c.objc; path = ExperienceTableViewController.m; sourceTree = "<group>"; };
		1ACE11CD17EB5ADB00DE9F0F /* Claudio Torrens My CV App.jpg */ = {isa = PBXFileReference; lastKnownFileType = image.jpeg; path = "Claudio Torrens My CV App.jpg"; sourceTree = "<group>"; };
		1ACE11CE17EB5ADB00DE9F0F /* Claudio Torrens My CV App.png */ = {isa = PBXFileReference; lastKnownFileType = image.png; path = "Claudio Torrens My CV App.png"; sourceTree = "<group>"; };
		1ACE11CF17EB5ADB00DE9F0F /* CT1.png */ = {isa = PBXFileReference; lastKnownFileType = image.png; path = CT1.png; sourceTree = "<group>"; };
		1ACE11D017EB5ADB00DE9F0F /* CT2.png */ = {isa = PBXFileReference; lastKnownFileType = image.png; path = CT2.png; sourceTree = "<group>"; };
		1ACE11D117EB5ADB00DE9F0F /* CT3.png */ = {isa = PBXFileReference; lastKnownFileType = image.png; path = CT3.png; sourceTree = "<group>"; };
		1ACE11D217EB5ADB00DE9F0F /* CT4.png */ = {isa = PBXFileReference; lastKnownFileType = image.png; path = CT4.png; sourceTree = "<group>"; };
		1ACE11D317EB5ADB00DE9F0F /* CT5.png */ = {isa = PBXFileReference; lastKnownFileType = image.png; path = CT5.png; sourceTree = "<group>"; };
/* End PBXFileReference section */

/* Begin PBXFrameworksBuildPhase section */
		1ACE118517EB526600DE9F0F /* Frameworks */ = {
			isa = PBXFrameworksBuildPhase;
			buildActionMask = 2147483647;
			files = (
				1ACE118E17EB526600DE9F0F /* CoreGraphics.framework in Frameworks */,
				1ACE119017EB526600DE9F0F /* UIKit.framework in Frameworks */,
				1ACE118C17EB526600DE9F0F /* Foundation.framework in Frameworks */,
			);
			runOnlyForDeploymentPostprocessing = 0;
		};
		1ACE11A617EB526600DE9F0F /* Frameworks */ = {
			isa = PBXFrameworksBuildPhase;
			buildActionMask = 2147483647;
			files = (
				1ACE11AB17EB526600DE9F0F /* XCTest.framework in Frameworks */,
				1ACE11AD17EB526600DE9F0F /* UIKit.framework in Frameworks */,
				1ACE11AC17EB526600DE9F0F /* Foundation.framework in Frameworks */,
			);
			runOnlyForDeploymentPostprocessing = 0;
		};
/* End PBXFrameworksBuildPhase section */

/* Begin PBXGroup section */
		1ACE117F17EB526600DE9F0F = {
			isa = PBXGroup;
			children = (
				1ACE119117EB526600DE9F0F /* My CV */,
				1ACE11B017EB526600DE9F0F /* My CVTests */,
				1ACE118A17EB526600DE9F0F /* Frameworks */,
				1ACE118917EB526600DE9F0F /* Products */,
			);
			sourceTree = "<group>";
		};
		1ACE118917EB526600DE9F0F /* Products */ = {
			isa = PBXGroup;
			children = (
				1ACE118817EB526600DE9F0F /* My CV.app */,
				1ACE11A917EB526600DE9F0F /* My CVTests.xctest */,
			);
			name = Products;
			sourceTree = "<group>";
		};
		1ACE118A17EB526600DE9F0F /* Frameworks */ = {
			isa = PBXGroup;
			children = (
				1ACE118B17EB526600DE9F0F /* Foundation.framework */,
				1ACE118D17EB526600DE9F0F /* CoreGraphics.framework */,
				1ACE118F17EB526600DE9F0F /* UIKit.framework */,
				1ACE11AA17EB526600DE9F0F /* XCTest.framework */,
			);
			name = Frameworks;
			sourceTree = "<group>";
		};
		1ACE119117EB526600DE9F0F /* My CV */ = {
			isa = PBXGroup;
			children = (
				1ACE11C317EB573900DE9F0F /* MainViewController.h */,
				1ACE11C417EB573900DE9F0F /* MainViewController.m */,
				1ACE11C617EB579300DE9F0F /* IndexTableViewController.h */,
				1ACE11C717EB579300DE9F0F /* IndexTableViewController.m */,
				1ACE11C917EB57B800DE9F0F /* ExperienceTableViewController.h */,
				1ACE11CA17EB57B800DE9F0F /* ExperienceTableViewController.m */,
				1A13DA0617EFC49100ECAAD6 /* ExperienceCell.h */,
				1A13DA0717EFC49100ECAAD6 /* ExperienceCell.m */,
				1ACE119D17EB526600DE9F0F /* Main.storyboard */,
				1A13DA0B17F09A3F00ECAAD6 /* IndexExperienceCell.h */,
				1A13DA0C17F09A3F00ECAAD6 /* IndexExperienceCell.m */,
				1ACE11A317EB526600DE9F0F /* Images.xcassets */,
				1ACE119217EB526600DE9F0F /* Supporting Files */,
			);
			path = "My CV";
			sourceTree = "<group>";
		};
		1ACE119217EB526600DE9F0F /* Supporting Files */ = {
			isa = PBXGroup;
			children = (
				1ACE119A17EB526600DE9F0F /* AppDelegate.h */,
				1ACE119B17EB526600DE9F0F /* AppDelegate.m */,
				1ACE119317EB526600DE9F0F /* My CV-Info.plist */,
				1ACE119417EB526600DE9F0F /* InfoPlist.strings */,
				1ACE119717EB526600DE9F0F /* main.m */,
				1ACE119917EB526600DE9F0F /* My CV-Prefix.pch */,
				1ACE11CC17EB5AAC00DE9F0F /* Images */,
			);
			name = "Supporting Files";
			sourceTree = "<group>";
		};
		1ACE11B017EB526600DE9F0F /* My CVTests */ = {
			isa = PBXGroup;
			children = (
				1ACE11B617EB526600DE9F0F /* My_CVTests.m */,
				1ACE11B117EB526600DE9F0F /* Supporting Files */,
			);
			path = "My CVTests";
			sourceTree = "<group>";
		};
		1ACE11B117EB526600DE9F0F /* Supporting Files */ = {
			isa = PBXGroup;
			children = (
				1ACE11B217EB526600DE9F0F /* My CVTests-Info.plist */,
				1ACE11B317EB526600DE9F0F /* InfoPlist.strings */,
			);
			name = "Supporting Files";
			sourceTree = "<group>";
		};
		1ACE11CC17EB5AAC00DE9F0F /* Images */ = {
			isa = PBXGroup;
			children = (
				1ACE11CD17EB5ADB00DE9F0F /* Claudio Torrens My CV App.jpg */,
				1ACE11CE17EB5ADB00DE9F0F /* Claudio Torrens My CV App.png */,
				1ACE11CF17EB5ADB00DE9F0F /* CT1.png */,
				1ACE11D017EB5ADB00DE9F0F /* CT2.png */,
				1ACE11D117EB5ADB00DE9F0F /* CT3.png */,
				1ACE11D217EB5ADB00DE9F0F /* CT4.png */,
				1ACE11D317EB5ADB00DE9F0F /* CT5.png */,
			);
			name = Images;
			sourceTree = "<group>";
		};
/* End PBXGroup section */

/* Begin PBXNativeTarget section */
		1ACE118717EB526600DE9F0F /* My CV */ = {
			isa = PBXNativeTarget;
			buildConfigurationList = 1ACE11BA17EB526600DE9F0F /* Build configuration list for PBXNativeTarget "My CV" */;
			buildPhases = (
				1ACE118417EB526600DE9F0F /* Sources */,
				1ACE118517EB526600DE9F0F /* Frameworks */,
				1ACE118617EB526600DE9F0F /* Resources */,
			);
			buildRules = (
			);
			dependencies = (
			);
			name = "My CV";
			productName = "My CV";
			productReference = 1ACE118817EB526600DE9F0F /* My CV.app */;
			productType = "com.apple.product-type.application";
		};
		1ACE11A817EB526600DE9F0F /* My CVTests */ = {
			isa = PBXNativeTarget;
			buildConfigurationList = 1ACE11BD17EB526600DE9F0F /* Build configuration list for PBXNativeTarget "My CVTests" */;
			buildPhases = (
				1ACE11A517EB526600DE9F0F /* Sources */,
				1ACE11A617EB526600DE9F0F /* Frameworks */,
				1ACE11A717EB526600DE9F0F /* Resources */,
			);
			buildRules = (
			);
			dependencies = (
				1ACE11AF17EB526600DE9F0F /* PBXTargetDependency */,
			);
			name = "My CVTests";
			productName = "My CVTests";
			productReference = 1ACE11A917EB526600DE9F0F /* My CVTests.xctest */;
			productType = "com.apple.product-type.bundle.unit-test";
		};
/* End PBXNativeTarget section */

/* Begin PBXProject section */
		1ACE118017EB526600DE9F0F /* Project object */ = {
			isa = PBXProject;
			attributes = {
				LastUpgradeCheck = 0500;
				ORGANIZATIONNAME = "Claudio Torrens";
				TargetAttributes = {
					1ACE11A817EB526600DE9F0F = {
						TestTargetID = 1ACE118717EB526600DE9F0F;
					};
				};
			};
			buildConfigurationList = 1ACE118317EB526600DE9F0F /* Build configuration list for PBXProject "My CV" */;
			compatibilityVersion = "Xcode 3.2";
			developmentRegion = English;
			hasScannedForEncodings = 0;
			knownRegions = (
				en,
				Base,
			);
			mainGroup = 1ACE117F17EB526600DE9F0F;
			productRefGroup = 1ACE118917EB526600DE9F0F /* Products */;
			projectDirPath = "";
			projectRoot = "";
			targets = (
				1ACE118717EB526600DE9F0F /* My CV */,
				1ACE11A817EB526600DE9F0F /* My CVTests */,
			);
		};
/* End PBXProject section */

/* Begin PBXResourcesBuildPhase section */
		1ACE118617EB526600DE9F0F /* Resources */ = {
			isa = PBXResourcesBuildPhase;
			buildActionMask = 2147483647;
			files = (
				1ACE11D617EB5ADB00DE9F0F /* CT1.png in Resources */,
				1ACE11A417EB526600DE9F0F /* Images.xcassets in Resources */,
				1ACE11DA17EB5ADB00DE9F0F /* CT5.png in Resources */,
				1ACE119617EB526600DE9F0F /* InfoPlist.strings in Resources */,
				1ACE11D917EB5ADB00DE9F0F /* CT4.png in Resources */,
				1ACE11D417EB5ADB00DE9F0F /* Claudio Torrens My CV App.jpg in Resources */,
				1ACE11D817EB5ADB00DE9F0F /* CT3.png in Resources */,
				1ACE11D517EB5ADB00DE9F0F /* Claudio Torrens My CV App.png in Resources */,
				1ACE11D717EB5ADB00DE9F0F /* CT2.png in Resources */,
				1ACE119F17EB526600DE9F0F /* Main.storyboard in Resources */,
			);
			runOnlyForDeploymentPostprocessing = 0;
		};
		1ACE11A717EB526600DE9F0F /* Resources */ = {
			isa = PBXResourcesBuildPhase;
			buildActionMask = 2147483647;
			files = (
				1ACE11B517EB526600DE9F0F /* InfoPlist.strings in Resources */,
			);
			runOnlyForDeploymentPostprocessing = 0;
		};
/* End PBXResourcesBuildPhase section */

/* Begin PBXSourcesBuildPhase section */
		1ACE118417EB526600DE9F0F /* Sources */ = {
			isa = PBXSourcesBuildPhase;
			buildActionMask = 2147483647;
			files = (
				1ACE11C817EB579300DE9F0F /* IndexTableViewController.m in Sources */,
				1ACE119C17EB526600DE9F0F /* AppDelegate.m in Sources */,
				1ACE11CB17EB57B800DE9F0F /* ExperienceTableViewController.m in Sources */,
				1A13DA0817EFC49100ECAAD6 /* ExperienceCell.m in Sources */,
				1A13DA0D17F09A3F00ECAAD6 /* IndexExperienceCell.m in Sources */,
				1ACE11C517EB573900DE9F0F /* MainViewController.m in Sources */,
				1ACE119817EB526600DE9F0F /* main.m in Sources */,
			);
			runOnlyForDeploymentPostprocessing = 0;
		};
		1ACE11A517EB526600DE9F0F /* Sources */ = {
			isa = PBXSourcesBuildPhase;
			buildActionMask = 2147483647;
			files = (
				1ACE11B717EB526600DE9F0F /* My_CVTests.m in Sources */,
			);
			runOnlyForDeploymentPostprocessing = 0;
		};
/* End PBXSourcesBuildPhase section */

/* Begin PBXTargetDependency section */
		1ACE11AF17EB526600DE9F0F /* PBXTargetDependency */ = {
			isa = PBXTargetDependency;
			target = 1ACE118717EB526600DE9F0F /* My CV */;
			targetProxy = 1ACE11AE17EB526600DE9F0F /* PBXContainerItemProxy */;
		};
/* End PBXTargetDependency section */

/* Begin PBXVariantGroup section */
		1ACE119417EB526600DE9F0F /* InfoPlist.strings */ = {
			isa = PBXVariantGroup;
			children = (
				1ACE119517EB526600DE9F0F /* en */,
			);
			name = InfoPlist.strings;
			sourceTree = "<group>";
		};
		1ACE119D17EB526600DE9F0F /* Main.storyboard */ = {
			isa = PBXVariantGroup;
			children = (
				1ACE119E17EB526600DE9F0F /* Base */,
			);
			name = Main.storyboard;
			sourceTree = "<group>";
		};
		1ACE11B317EB526600DE9F0F /* InfoPlist.strings */ = {
			isa = PBXVariantGroup;
			children = (
				1ACE11B417EB526600DE9F0F /* en */,
			);
			name = InfoPlist.strings;
			sourceTree = "<group>";
		};
/* End PBXVariantGroup section */

/* Begin XCBuildConfiguration section */
		1ACE11B817EB526600DE9F0F /* Debug */ = {
			isa = XCBuildConfiguration;
			buildSettings = {
				ALWAYS_SEARCH_USER_PATHS = NO;
				ARCHS = "$(ARCHS_STANDARD_INCLUDING_64_BIT)";
				CLANG_CXX_LANGUAGE_STANDARD = "gnu++0x";
				CLANG_CXX_LIBRARY = "libc++";
				CLANG_ENABLE_MODULES = YES;
				CLANG_ENABLE_OBJC_ARC = YES;
				CLANG_WARN_BOOL_CONVERSION = YES;
				CLANG_WARN_CONSTANT_CONVERSION = YES;
				CLANG_WARN_DIRECT_OBJC_ISA_USAGE = YES_ERROR;
				CLANG_WARN_EMPTY_BODY = YES;
				CLANG_WARN_ENUM_CONVERSION = YES;
				CLANG_WARN_INT_CONVERSION = YES;
				CLANG_WARN_OBJC_ROOT_CLASS = YES_ERROR;
				CLANG_WARN__DUPLICATE_METHOD_MATCH = YES;
				"CODE_SIGN_IDENTITY[sdk=iphoneos*]" = "iPhone Developer";
				COPY_PHASE_STRIP = NO;
				GCC_C_LANGUAGE_STANDARD = gnu99;
				GCC_DYNAMIC_NO_PIC = NO;
				GCC_OPTIMIZATION_LEVEL = 0;
				GCC_PREPROCESSOR_DEFINITIONS = (
					"DEBUG=1",
					"$(inherited)",
				);
				GCC_SYMBOLS_PRIVATE_EXTERN = NO;
				GCC_WARN_64_TO_32_BIT_CONVERSION = YES;
				GCC_WARN_ABOUT_RETURN_TYPE = YES_ERROR;
				GCC_WARN_UNDECLARED_SELECTOR = YES;
				GCC_WARN_UNINITIALIZED_AUTOS = YES;
				GCC_WARN_UNUSED_FUNCTION = YES;
				GCC_WARN_UNUSED_VARIABLE = YES;
				IPHONEOS_DEPLOYMENT_TARGET = 7.0;
				ONLY_ACTIVE_ARCH = YES;
				SDKROOT = iphoneos;
			};
			name = Debug;
		};
		1ACE11B917EB526600DE9F0F /* Release */ = {
			isa = XCBuildConfiguration;
			buildSettings = {
				ALWAYS_SEARCH_USER_PATHS = NO;
				ARCHS = "$(ARCHS_STANDARD_INCLUDING_64_BIT)";
				CLANG_CXX_LANGUAGE_STANDARD = "gnu++0x";
				CLANG_CXX_LIBRARY = "libc++";
				CLANG_ENABLE_MODULES = YES;
				CLANG_ENABLE_OBJC_ARC = YES;
				CLANG_WARN_BOOL_CONVERSION = YES;
				CLANG_WARN_CONSTANT_CONVERSION = YES;
				CLANG_WARN_DIRECT_OBJC_ISA_USAGE = YES_ERROR;
				CLANG_WARN_EMPTY_BODY = YES;
				CLANG_WARN_ENUM_CONVERSION = YES;
				CLANG_WARN_INT_CONVERSION = YES;
				CLANG_WARN_OBJC_ROOT_CLASS = YES_ERROR;
				CLANG_WARN__DUPLICATE_METHOD_MATCH = YES;
				"CODE_SIGN_IDENTITY[sdk=iphoneos*]" = "iPhone Developer";
				COPY_PHASE_STRIP = YES;
				ENABLE_NS_ASSERTIONS = NO;
				GCC_C_LANGUAGE_STANDARD = gnu99;
				GCC_WARN_64_TO_32_BIT_CONVERSION = YES;
				GCC_WARN_ABOUT_RETURN_TYPE = YES_ERROR;
				GCC_WARN_UNDECLARED_SELECTOR = YES;
				GCC_WARN_UNINITIALIZED_AUTOS = YES;
				GCC_WARN_UNUSED_FUNCTION = YES;
				GCC_WARN_UNUSED_VARIABLE = YES;
				IPHONEOS_DEPLOYMENT_TARGET = 7.0;
				SDKROOT = iphoneos;
				VALIDATE_PRODUCT = YES;
			};
			name = Release;
		};
		1ACE11BB17EB526600DE9F0F /* Debug */ = {
			isa = XCBuildConfiguration;
			buildSettings = {
				ASSETCATALOG_COMPILER_APPICON_NAME = AppIcon;
				ASSETCATALOG_COMPILER_LAUNCHIMAGE_NAME = LaunchImage;
				GCC_PRECOMPILE_PREFIX_HEADER = YES;
				GCC_PREFIX_HEADER = "My CV/My CV-Prefix.pch";
				INFOPLIST_FILE = "My CV/My CV-Info.plist";
				PRODUCT_NAME = "$(TARGET_NAME)";
				WRAPPER_EXTENSION = app;
			};
			name = Debug;
		};
		1ACE11BC17EB526600DE9F0F /* Release */ = {
			isa = XCBuildConfiguration;
			buildSettings = {
				ASSETCATALOG_COMPILER_APPICON_NAME = AppIcon;
				ASSETCATALOG_COMPILER_LAUNCHIMAGE_NAME = LaunchImage;
				GCC_PRECOMPILE_PREFIX_HEADER = YES;
				GCC_PREFIX_HEADER = "My CV/My CV-Prefix.pch";
				INFOPLIST_FILE = "My CV/My CV-Info.plist";
				PRODUCT_NAME = "$(TARGET_NAME)";
				WRAPPER_EXTENSION = app;
			};
			name = Release;
		};
		1ACE11BE17EB526600DE9F0F /* Debug */ = {
			isa = XCBuildConfiguration;
			buildSettings = {
				ARCHS = "$(ARCHS_STANDARD_INCLUDING_64_BIT)";
				BUNDLE_LOADER = "$(BUILT_PRODUCTS_DIR)/My CV.app/My CV";
				FRAMEWORK_SEARCH_PATHS = (
					"$(SDKROOT)/Developer/Library/Frameworks",
					"$(inherited)",
					"$(DEVELOPER_FRAMEWORKS_DIR)",
				);
				GCC_PRECOMPILE_PREFIX_HEADER = YES;
				GCC_PREFIX_HEADER = "My CV/My CV-Prefix.pch";
				GCC_PREPROCESSOR_DEFINITIONS = (
					"DEBUG=1",
					"$(inherited)",
				);
				INFOPLIST_FILE = "My CVTests/My CVTests-Info.plist";
				PRODUCT_NAME = "$(TARGET_NAME)";
				TEST_HOST = "$(BUNDLE_LOADER)";
				WRAPPER_EXTENSION = xctest;
			};
			name = Debug;
		};
		1ACE11BF17EB526600DE9F0F /* Release */ = {
			isa = XCBuildConfiguration;
			buildSettings = {
				ARCHS = "$(ARCHS_STANDARD_INCLUDING_64_BIT)";
				BUNDLE_LOADER = "$(BUILT_PRODUCTS_DIR)/My CV.app/My CV";
				FRAMEWORK_SEARCH_PATHS = (
					"$(SDKROOT)/Developer/Library/Frameworks",
					"$(inherited)",
					"$(DEVELOPER_FRAMEWORKS_DIR)",
				);
				GCC_PRECOMPILE_PREFIX_HEADER = YES;
				GCC_PREFIX_HEADER = "My CV/My CV-Prefix.pch";
				INFOPLIST_FILE = "My CVTests/My CVTests-Info.plist";
				PRODUCT_NAME = "$(TARGET_NAME)";
				TEST_HOST = "$(BUNDLE_LOADER)";
				WRAPPER_EXTENSION = xctest;
			};
			name = Release;
		};
/* End XCBuildConfiguration section */

/* Begin XCConfigurationList section */
		1ACE118317EB526600DE9F0F /* Build configuration list for PBXProject "My CV" */ = {
			isa = XCConfigurationList;
			buildConfigurations = (
				1ACE11B817EB526600DE9F0F /* Debug */,
				1ACE11B917EB526600DE9F0F /* Release */,
			);
			defaultConfigurationIsVisible = 0;
			defaultConfigurationName = Release;
		};
		1ACE11BA17EB526600DE9F0F /* Build configuration list for PBXNativeTarget "My CV" */ = {
			isa = XCConfigurationList;
			buildConfigurations = (
				1ACE11BB17EB526600DE9F0F /* Debug */,
				1ACE11BC17EB526600DE9F0F /* Release */,
			);
			defaultConfigurationIsVisible = 0;
			defaultConfigurationName = Release;
		};
		1ACE11BD17EB526600DE9F0F /* Build configuration list for PBXNativeTarget "My CVTests" */ = {
			isa = XCConfigurationList;
			buildConfigurations = (
				1ACE11BE17EB526600DE9F0F /* Debug */,
				1ACE11BF17EB526600DE9F0F /* Release */,
			);
			defaultConfigurationIsVisible = 0;
			defaultConfigurationName = Release;
		};
/* End XCConfigurationList section */
	};
	rootObject = 1ACE118017EB526600DE9F0F /* Project object */;
}
